// !$*UTF8*$!
{
	archiveVersion = 1;
	classes = {
	};
	objectVersion = 48;
	objects = {

/* Begin PBXBuildFile section */
		AE19BD4E2008E5540095D4D2 /* AllCoinsViewController.swift in Sources */ = {isa = PBXBuildFile; fileRef = AE19BD4D2008E5540095D4D2 /* AllCoinsViewController.swift */; };
		AE19BD502008E6AC0095D4D2 /* MyCoinsViewController.swift in Sources */ = {isa = PBXBuildFile; fileRef = AE19BD4F2008E6AC0095D4D2 /* MyCoinsViewController.swift */; };
		AEC2BF2E20039BF10088CEF7 /* AppDelegate.swift in Sources */ = {isa = PBXBuildFile; fileRef = AEC2BF2D20039BF10088CEF7 /* AppDelegate.swift */; };
		AEC2BF3020039BF20088CEF7 /* CoinDetailsViewController.swift in Sources */ = {isa = PBXBuildFile; fileRef = AEC2BF2F20039BF20088CEF7 /* CoinDetailsViewController.swift */; };
		AEC2BF3320039BF20088CEF7 /* Main.storyboard in Resources */ = {isa = PBXBuildFile; fileRef = AEC2BF3120039BF20088CEF7 /* Main.storyboard */; };
		AEC2BF3520039BF20088CEF7 /* Assets.xcassets in Resources */ = {isa = PBXBuildFile; fileRef = AEC2BF3420039BF20088CEF7 /* Assets.xcassets */; };
		AEC2BF3820039BF20088CEF7 /* LaunchScreen.storyboard in Resources */ = {isa = PBXBuildFile; fileRef = AEC2BF3620039BF20088CEF7 /* LaunchScreen.storyboard */; };
		AEC2BF4320039BF20088CEF7 /* CoinMockupTests.swift in Sources */ = {isa = PBXBuildFile; fileRef = AEC2BF4220039BF20088CEF7 /* CoinMockupTests.swift */; };
		AEC2BF4E20039BF20088CEF7 /* CoinMockupUITests.swift in Sources */ = {isa = PBXBuildFile; fileRef = AEC2BF4D20039BF20088CEF7 /* CoinMockupUITests.swift */; };
/* End PBXBuildFile section */

/* Begin PBXContainerItemProxy section */
		AEC2BF3F20039BF20088CEF7 /* PBXContainerItemProxy */ = {
			isa = PBXContainerItemProxy;
			containerPortal = AEC2BF2220039BF10088CEF7 /* Project object */;
			proxyType = 1;
			remoteGlobalIDString = AEC2BF2920039BF10088CEF7;
			remoteInfo = CoinMockup;
		};
		AEC2BF4A20039BF20088CEF7 /* PBXContainerItemProxy */ = {
			isa = PBXContainerItemProxy;
			containerPortal = AEC2BF2220039BF10088CEF7 /* Project object */;
			proxyType = 1;
			remoteGlobalIDString = AEC2BF2920039BF10088CEF7;
			remoteInfo = CoinMockup;
		};
/* End PBXContainerItemProxy section */

/* Begin PBXFileReference section */
		AE19BD4D2008E5540095D4D2 /* AllCoinsViewController.swift */ = {isa = PBXFileReference; lastKnownFileType = sourcecode.swift; path = AllCoinsViewController.swift; sourceTree = "<group>"; };
		AE19BD4F2008E6AC0095D4D2 /* MyCoinsViewController.swift */ = {isa = PBXFileReference; lastKnownFileType = sourcecode.swift; path = MyCoinsViewController.swift; sourceTree = "<group>"; };
		AEC2BF2A20039BF10088CEF7 /* CoinMockup.app */ = {isa = PBXFileReference; explicitFileType = wrapper.application; includeInIndex = 0; path = CoinMockup.app; sourceTree = BUILT_PRODUCTS_DIR; };
		AEC2BF2D20039BF10088CEF7 /* AppDelegate.swift */ = {isa = PBXFileReference; lastKnownFileType = sourcecode.swift; path = AppDelegate.swift; sourceTree = "<group>"; };
		AEC2BF2F20039BF20088CEF7 /* CoinDetailsViewController.swift */ = {isa = PBXFileReference; lastKnownFileType = sourcecode.swift; path = CoinDetailsViewController.swift; sourceTree = "<group>"; };
		AEC2BF3220039BF20088CEF7 /* Base */ = {isa = PBXFileReference; lastKnownFileType = file.storyboard; name = Base; path = Base.lproj/Main.storyboard; sourceTree = "<group>"; };
		AEC2BF3420039BF20088CEF7 /* Assets.xcassets */ = {isa = PBXFileReference; lastKnownFileType = folder.assetcatalog; path = Assets.xcassets; sourceTree = "<group>"; };
		AEC2BF3720039BF20088CEF7 /* Base */ = {isa = PBXFileReference; lastKnownFileType = file.storyboard; name = Base; path = Base.lproj/LaunchScreen.storyboard; sourceTree = "<group>"; };
		AEC2BF3920039BF20088CEF7 /* Info.plist */ = {isa = PBXFileReference; lastKnownFileType = text.plist.xml; path = Info.plist; sourceTree = "<group>"; };
		AEC2BF3E20039BF20088CEF7 /* CoinMockupTests.xctest */ = {isa = PBXFileReference; explicitFileType = wrapper.cfbundle; includeInIndex = 0; path = CoinMockupTests.xctest; sourceTree = BUILT_PRODUCTS_DIR; };
		AEC2BF4220039BF20088CEF7 /* CoinMockupTests.swift */ = {isa = PBXFileReference; lastKnownFileType = sourcecode.swift; path = CoinMockupTests.swift; sourceTree = "<group>"; };
		AEC2BF4420039BF20088CEF7 /* Info.plist */ = {isa = PBXFileReference; lastKnownFileType = text.plist.xml; path = Info.plist; sourceTree = "<group>"; };
		AEC2BF4920039BF20088CEF7 /* CoinMockupUITests.xctest */ = {isa = PBXFileReference; explicitFileType = wrapper.cfbundle; includeInIndex = 0; path = CoinMockupUITests.xctest; sourceTree = BUILT_PRODUCTS_DIR; };
		AEC2BF4D20039BF20088CEF7 /* CoinMockupUITests.swift */ = {isa = PBXFileReference; lastKnownFileType = sourcecode.swift; path = CoinMockupUITests.swift; sourceTree = "<group>"; };
		AEC2BF4F20039BF20088CEF7 /* Info.plist */ = {isa = PBXFileReference; lastKnownFileType = text.plist.xml; path = Info.plist; sourceTree = "<group>"; };
/* End PBXFileReference section */

/* Begin PBXFrameworksBuildPhase section */
		AEC2BF2720039BF10088CEF7 /* Frameworks */ = {
			isa = PBXFrameworksBuildPhase;
			buildActionMask = 2147483647;
			files = (
			);
			runOnlyForDeploymentPostprocessing = 0;
		};
		AEC2BF3B20039BF20088CEF7 /* Frameworks */ = {
			isa = PBXFrameworksBuildPhase;
			buildActionMask = 2147483647;
			files = (
			);
			runOnlyForDeploymentPostprocessing = 0;
		};
		AEC2BF4620039BF20088CEF7 /* Frameworks */ = {
			isa = PBXFrameworksBuildPhase;
			buildActionMask = 2147483647;
			files = (
			);
			runOnlyForDeploymentPostprocessing = 0;
		};
/* End PBXFrameworksBuildPhase section */

/* Begin PBXGroup section */
		AEC2BF2120039BF10088CEF7 = {
			isa = PBXGroup;
			children = (
				AEC2BF2C20039BF10088CEF7 /* CoinMockup */,
				AEC2BF4120039BF20088CEF7 /* CoinMockupTests */,
				AEC2BF4C20039BF20088CEF7 /* CoinMockupUITests */,
				AEC2BF2B20039BF10088CEF7 /* Products */,
			);
			sourceTree = "<group>";
		};
		AEC2BF2B20039BF10088CEF7 /* Products */ = {
			isa = PBXGroup;
			children = (
				AEC2BF2A20039BF10088CEF7 /* CoinMockup.app */,
				AEC2BF3E20039BF20088CEF7 /* CoinMockupTests.xctest */,
				AEC2BF4920039BF20088CEF7 /* CoinMockupUITests.xctest */,
			);
			name = Products;
			sourceTree = "<group>";
		};
		AEC2BF2C20039BF10088CEF7 /* CoinMockup */ = {
			isa = PBXGroup;
			children = (
				AEC2BF2D20039BF10088CEF7 /* AppDelegate.swift */,
				AEC2BF2F20039BF20088CEF7 /* CoinDetailsViewController.swift */,
				AE19BD4D2008E5540095D4D2 /* AllCoinsViewController.swift */,
				AE19BD4F2008E6AC0095D4D2 /* MyCoinsViewController.swift */,
				AEC2BF3120039BF20088CEF7 /* Main.storyboard */,
				AEC2BF3420039BF20088CEF7 /* Assets.xcassets */,
				AEC2BF3620039BF20088CEF7 /* LaunchScreen.storyboard */,
				AEC2BF3920039BF20088CEF7 /* Info.plist */,
			);
			path = CoinMockup;
			sourceTree = "<group>";
		};
		AEC2BF4120039BF20088CEF7 /* CoinMockupTests */ = {
			isa = PBXGroup;
			children = (
				AEC2BF4220039BF20088CEF7 /* CoinMockupTests.swift */,
				AEC2BF4420039BF20088CEF7 /* Info.plist */,
			);
			path = CoinMockupTests;
			sourceTree = "<group>";
		};
		AEC2BF4C20039BF20088CEF7 /* CoinMockupUITests */ = {
			isa = PBXGroup;
			children = (
				AEC2BF4D20039BF20088CEF7 /* CoinMockupUITests.swift */,
				AEC2BF4F20039BF20088CEF7 /* Info.plist */,
			);
			path = CoinMockupUITests;
			sourceTree = "<group>";
		};
/* End PBXGroup section */

/* Begin PBXNativeTarget section */
		AEC2BF2920039BF10088CEF7 /* CoinMockup */ = {
			isa = PBXNativeTarget;
			buildConfigurationList = AEC2BF5220039BF20088CEF7 /* Build configuration list for PBXNativeTarget "CoinMockup" */;
			buildPhases = (
				AEC2BF2620039BF10088CEF7 /* Sources */,
				AEC2BF2720039BF10088CEF7 /* Frameworks */,
				AEC2BF2820039BF10088CEF7 /* Resources */,
			);
			buildRules = (
			);
			dependencies = (
			);
			name = CoinMockup;
			productName = CoinMockup;
			productReference = AEC2BF2A20039BF10088CEF7 /* CoinMockup.app */;
			productType = "com.apple.product-type.application";
		};
		AEC2BF3D20039BF20088CEF7 /* CoinMockupTests */ = {
			isa = PBXNativeTarget;
			buildConfigurationList = AEC2BF5520039BF20088CEF7 /* Build configuration list for PBXNativeTarget "CoinMockupTests" */;
			buildPhases = (
				AEC2BF3A20039BF20088CEF7 /* Sources */,
				AEC2BF3B20039BF20088CEF7 /* Frameworks */,
				AEC2BF3C20039BF20088CEF7 /* Resources */,
			);
			buildRules = (
			);
			dependencies = (
				AEC2BF4020039BF20088CEF7 /* PBXTargetDependency */,
			);
			name = CoinMockupTests;
			productName = CoinMockupTests;
			productReference = AEC2BF3E20039BF20088CEF7 /* CoinMockupTests.xctest */;
			productType = "com.apple.product-type.bundle.unit-test";
		};
		AEC2BF4820039BF20088CEF7 /* CoinMockupUITests */ = {
			isa = PBXNativeTarget;
			buildConfigurationList = AEC2BF5820039BF20088CEF7 /* Build configuration list for PBXNativeTarget "CoinMockupUITests" */;
			buildPhases = (
				AEC2BF4520039BF20088CEF7 /* Sources */,
				AEC2BF4620039BF20088CEF7 /* Frameworks */,
				AEC2BF4720039BF20088CEF7 /* Resources */,
			);
			buildRules = (
			);
			dependencies = (
				AEC2BF4B20039BF20088CEF7 /* PBXTargetDependency */,
			);
			name = CoinMockupUITests;
			productName = CoinMockupUITests;
			productReference = AEC2BF4920039BF20088CEF7 /* CoinMockupUITests.xctest */;
			productType = "com.apple.product-type.bundle.ui-testing";
		};
/* End PBXNativeTarget section */

/* Begin PBXProject section */
		AEC2BF2220039BF10088CEF7 /* Project object */ = {
			isa = PBXProject;
			attributes = {
				LastSwiftUpdateCheck = 0910;
				LastUpgradeCheck = 0910;
				ORGANIZATIONNAME = "Siwa Sardjoemissier";
				TargetAttributes = {
					AEC2BF2920039BF10088CEF7 = {
						CreatedOnToolsVersion = 9.1;
						ProvisioningStyle = Automatic;
					};
					AEC2BF3D20039BF20088CEF7 = {
						CreatedOnToolsVersion = 9.1;
						ProvisioningStyle = Automatic;
						TestTargetID = AEC2BF2920039BF10088CEF7;
					};
					AEC2BF4820039BF20088CEF7 = {
						CreatedOnToolsVersion = 9.1;
						ProvisioningStyle = Automatic;
						TestTargetID = AEC2BF2920039BF10088CEF7;
					};
				};
			};
			buildConfigurationList = AEC2BF2520039BF10088CEF7 /* Build configuration list for PBXProject "CoinMockup" */;
			compatibilityVersion = "Xcode 8.0";
			developmentRegion = en;
			hasScannedForEncodings = 0;
			knownRegions = (
				en,
				Base,
			);
			mainGroup = AEC2BF2120039BF10088CEF7;
			productRefGroup = AEC2BF2B20039BF10088CEF7 /* Products */;
			projectDirPath = "";
			projectRoot = "";
			targets = (
				AEC2BF2920039BF10088CEF7 /* CoinMockup */,
				AEC2BF3D20039BF20088CEF7 /* CoinMockupTests */,
				AEC2BF4820039BF20088CEF7 /* CoinMockupUITests */,
			);
		};
/* End PBXProject section */

/* Begin PBXResourcesBuildPhase section */
		AEC2BF2820039BF10088CEF7 /* Resources */ = {
			isa = PBXResourcesBuildPhase;
			buildActionMask = 2147483647;
			files = (
				AEC2BF3820039BF20088CEF7 /* LaunchScreen.storyboard in Resources */,
				AEC2BF3520039BF20088CEF7 /* Assets.xcassets in Resources */,
				AEC2BF3320039BF20088CEF7 /* Main.storyboard in Resources */,
			);
			runOnlyForDeploymentPostprocessing = 0;
		};
		AEC2BF3C20039BF20088CEF7 /* Resources */ = {
			isa = PBXResourcesBuildPhase;
			buildActionMask = 2147483647;
			files = (
			);
			runOnlyForDeploymentPostprocessing = 0;
		};
		AEC2BF4720039BF20088CEF7 /* Resources */ = {
			isa = PBXResourcesBuildPhase;
			buildActionMask = 2147483647;
			files = (
			);
			runOnlyForDeploymentPostprocessing = 0;
		};
/* End PBXResourcesBuildPhase section */

/* Begin PBXSourcesBuildPhase section */
		AEC2BF2620039BF10088CEF7 /* Sources */ = {
			isa = PBXSourcesBuildPhase;
			buildActionMask = 2147483647;
			files = (
				AEC2BF3020039BF20088CEF7 /* CoinDetailsViewController.swift in Sources */,
				AE19BD4E2008E5540095D4D2 /* AllCoinsViewController.swift in Sources */,
				AEC2BF2E20039BF10088CEF7 /* AppDelegate.swift in Sources */,
				AE19BD502008E6AC0095D4D2 /* MyCoinsViewController.swift in Sources */,
			);
			runOnlyForDeploymentPostprocessing = 0;
		};
		AEC2BF3A20039BF20088CEF7 /* Sources */ = {
			isa = PBXSourcesBuildPhase;
			buildActionMask = 2147483647;
			files = (
				AEC2BF4320039BF20088CEF7 /* CoinMockupTests.swift in Sources */,
			);
			runOnlyForDeploymentPostprocessing = 0;
		};
		AEC2BF4520039BF20088CEF7 /* Sources */ = {
			isa = PBXSourcesBuildPhase;
			buildActionMask = 2147483647;
			files = (
				AEC2BF4E20039BF20088CEF7 /* CoinMockupUITests.swift in Sources */,
			);
			runOnlyForDeploymentPostprocessing = 0;
		};
/* End PBXSourcesBuildPhase section */

/* Begin PBXTargetDependency section */
		AEC2BF4020039BF20088CEF7 /* PBXTargetDependency */ = {
			isa = PBXTargetDependency;
			target = AEC2BF2920039BF10088CEF7 /* CoinMockup */;
			targetProxy = AEC2BF3F20039BF20088CEF7 /* PBXContainerItemProxy */;
		};
		AEC2BF4B20039BF20088CEF7 /* PBXTargetDependency */ = {
			isa = PBXTargetDependency;
			target = AEC2BF2920039BF10088CEF7 /* CoinMockup */;
			targetProxy = AEC2BF4A20039BF20088CEF7 /* PBXContainerItemProxy */;
		};
/* End PBXTargetDependency section */

/* Begin PBXVariantGroup section */
		AEC2BF3120039BF20088CEF7 /* Main.storyboard */ = {
			isa = PBXVariantGroup;
			children = (
				AEC2BF3220039BF20088CEF7 /* Base */,
			);
			name = Main.storyboard;
			sourceTree = "<group>";
		};
		AEC2BF3620039BF20088CEF7 /* LaunchScreen.storyboard */ = {
			isa = PBXVariantGroup;
			children = (
				AEC2BF3720039BF20088CEF7 /* Base */,
			);
			name = LaunchScreen.storyboard;
			sourceTree = "<group>";
		};
/* End PBXVariantGroup section */

/* Begin XCBuildConfiguration section */
		AEC2BF5020039BF20088CEF7 /* Debug */ = {
			isa = XCBuildConfiguration;
			buildSettings = {
				ALWAYS_SEARCH_USER_PATHS = NO;
				CLANG_ANALYZER_NONNULL = YES;
				CLANG_ANALYZER_NUMBER_OBJECT_CONVERSION = YES_AGGRESSIVE;
				CLANG_CXX_LANGUAGE_STANDARD = "gnu++14";
				CLANG_CXX_LIBRARY = "libc++";
				CLANG_ENABLE_MODULES = YES;
				CLANG_ENABLE_OBJC_ARC = YES;
				CLANG_WARN_BLOCK_CAPTURE_AUTORELEASING = YES;
				CLANG_WARN_BOOL_CONVERSION = YES;
				CLANG_WARN_COMMA = YES;
				CLANG_WARN_CONSTANT_CONVERSION = YES;
				CLANG_WARN_DIRECT_OBJC_ISA_USAGE = YES_ERROR;
				CLANG_WARN_DOCUMENTATION_COMMENTS = YES;
				CLANG_WARN_EMPTY_BODY = YES;
				CLANG_WARN_ENUM_CONVERSION = YES;
				CLANG_WARN_INFINITE_RECURSION = YES;
				CLANG_WARN_INT_CONVERSION = YES;
				CLANG_WARN_NON_LITERAL_NULL_CONVERSION = YES;
				CLANG_WARN_OBJC_LITERAL_CONVERSION = YES;
				CLANG_WARN_OBJC_ROOT_CLASS = YES_ERROR;
				CLANG_WARN_RANGE_LOOP_ANALYSIS = YES;
				CLANG_WARN_STRICT_PROTOTYPES = YES;
				CLANG_WARN_SUSPICIOUS_MOVE = YES;
				CLANG_WARN_UNGUARDED_AVAILABILITY = YES_AGGRESSIVE;
				CLANG_WARN_UNREACHABLE_CODE = YES;
				CLANG_WARN__DUPLICATE_METHOD_MATCH = YES;
				CODE_SIGN_IDENTITY = "iPhone Developer";
				COPY_PHASE_STRIP = NO;
				DEBUG_INFORMATION_FORMAT = dwarf;
				ENABLE_STRICT_OBJC_MSGSEND = YES;
				ENABLE_TESTABILITY = YES;
				GCC_C_LANGUAGE_STANDARD = gnu11;
				GCC_DYNAMIC_NO_PIC = NO;
				GCC_NO_COMMON_BLOCKS = YES;
				GCC_OPTIMIZATION_LEVEL = 0;
				GCC_PREPROCESSOR_DEFINITIONS = (
					"DEBUG=1",
					"$(inherited)",
				);
				GCC_WARN_64_TO_32_BIT_CONVERSION = YES;
				GCC_WARN_ABOUT_RETURN_TYPE = YES_ERROR;
				GCC_WARN_UNDECLARED_SELECTOR = YES;
				GCC_WARN_UNINITIALIZED_AUTOS = YES_AGGRESSIVE;
				GCC_WARN_UNUSED_FUNCTION = YES;
				GCC_WARN_UNUSED_VARIABLE = YES;
				IPHONEOS_DEPLOYMENT_TARGET = 11.1;
				MTL_ENABLE_DEBUG_INFO = YES;
				ONLY_ACTIVE_ARCH = YES;
				SDKROOT = iphoneos;
				SWIFT_ACTIVE_COMPILATION_CONDITIONS = DEBUG;
				SWIFT_OPTIMIZATION_LEVEL = "-Onone";
			};
			name = Debug;
		};
		AEC2BF5120039BF20088CEF7 /* Release */ = {
			isa = XCBuildConfiguration;
			buildSettings = {
				ALWAYS_SEARCH_USER_PATHS = NO;
				CLANG_ANALYZER_NONNULL = YES;
				CLANG_ANALYZER_NUMBER_OBJECT_CONVERSION = YES_AGGRESSIVE;
				CLANG_CXX_LANGUAGE_STANDARD = "gnu++14";
				CLANG_CXX_LIBRARY = "libc++";
				CLANG_ENABLE_MODULES = YES;
				CLANG_ENABLE_OBJC_ARC = YES;
				CLANG_WARN_BLOCK_CAPTURE_AUTORELEASING = YES;
				CLANG_WARN_BOOL_CONVERSION = YES;
				CLANG_WARN_COMMA = YES;
				CLANG_WARN_CONSTANT_CONVERSION = YES;
				CLANG_WARN_DIRECT_OBJC_ISA_USAGE = YES_ERROR;
				CLANG_WARN_DOCUMENTATION_COMMENTS = YES;
				CLANG_WARN_EMPTY_BODY = YES;
				CLANG_WARN_ENUM_CONVERSION = YES;
				CLANG_WARN_INFINITE_RECURSION = YES;
				CLANG_WARN_INT_CONVERSION = YES;
				CLANG_WARN_NON_LITERAL_NULL_CONVERSION = YES;
				CLANG_WARN_OBJC_LITERAL_CONVERSION = YES;
				CLANG_WARN_OBJC_ROOT_CLASS = YES_ERROR;
				CLANG_WARN_RANGE_LOOP_ANALYSIS = YES;
				CLANG_WARN_STRICT_PROTOTYPES = YES;
				CLANG_WARN_SUSPICIOUS_MOVE = YES;
				CLANG_WARN_UNGUARDED_AVAILABILITY = YES_AGGRESSIVE;
				CLANG_WARN_UNREACHABLE_CODE = YES;
				CLANG_WARN__DUPLICATE_METHOD_MATCH = YES;
				CODE_SIGN_IDENTITY = "iPhone Developer";
				COPY_PHASE_STRIP = NO;
				DEBUG_INFORMATION_FORMAT = "dwarf-with-dsym";
				ENABLE_NS_ASSERTIONS = NO;
				ENABLE_STRICT_OBJC_MSGSEND = YES;
				GCC_C_LANGUAGE_STANDARD = gnu11;
				GCC_NO_COMMON_BLOCKS = YES;
				GCC_WARN_64_TO_32_BIT_CONVERSION = YES;
				GCC_WARN_ABOUT_RETURN_TYPE = YES_ERROR;
				GCC_WARN_UNDECLARED_SELECTOR = YES;
				GCC_WARN_UNINITIALIZED_AUTOS = YES_AGGRESSIVE;
				GCC_WARN_UNUSED_FUNCTION = YES;
				GCC_WARN_UNUSED_VARIABLE = YES;
				IPHONEOS_DEPLOYMENT_TARGET = 11.1;
				MTL_ENABLE_DEBUG_INFO = NO;
				SDKROOT = iphoneos;
				SWIFT_OPTIMIZATION_LEVEL = "-Owholemodule";
				VALIDATE_PRODUCT = YES;
			};
			name = Release;
		};
		AEC2BF5320039BF20088CEF7 /* Debug */ = {
			isa = XCBuildConfiguration;
			buildSettings = {
				ASSETCATALOG_COMPILER_APPICON_NAME = AppIcon;
				CODE_SIGN_STYLE = Automatic;
				DEVELOPMENT_TEAM = 5YJP4YHFRY;
				INFOPLIST_FILE = CoinMockup/Info.plist;
				LD_RUNPATH_SEARCH_PATHS = "$(inherited) @executable_path/Frameworks";
				PRODUCT_BUNDLE_IDENTIFIER = com.example.CoinMockup;
				PRODUCT_NAME = "$(TARGET_NAME)";
				SWIFT_VERSION = 4.0;
				TARGETED_DEVICE_FAMILY = "1,2";
			};
			name = Debug;
		};
		AEC2BF5420039BF20088CEF7 /* Release */ = {
			isa = XCBuildConfiguration;
			buildSettings = {
				ASSETCATALOG_COMPILER_APPICON_NAME = AppIcon;
				CODE_SIGN_STYLE = Automatic;
				DEVELOPMENT_TEAM = 5YJP4YHFRY;
				INFOPLIST_FILE = CoinMockup/Info.plist;
				LD_RUNPATH_SEARCH_PATHS = "$(inherited) @executable_path/Frameworks";
				PRODUCT_BUNDLE_IDENTIFIER = com.example.CoinMockup;
				PRODUCT_NAME = "$(TARGET_NAME)";
				SWIFT_VERSION = 4.0;
				TARGETED_DEVICE_FAMILY = "1,2";
			};
			name = Release;
		};
		AEC2BF5620039BF20088CEF7 /* Debug */ = {
			isa = XCBuildConfiguration;
			buildSettings = {
				ALWAYS_EMBED_SWIFT_STANDARD_LIBRARIES = YES;
				BUNDLE_LOADER = "$(TEST_HOST)";
				CODE_SIGN_STYLE = Automatic;
				DEVELOPMENT_TEAM = 5YJP4YHFRY;
				INFOPLIST_FILE = CoinMockupTests/Info.plist;
				LD_RUNPATH_SEARCH_PATHS = "$(inherited) @executable_path/Frameworks @loader_path/Frameworks";
				PRODUCT_BUNDLE_IDENTIFIER = com.example.CoinMockupTests;
				PRODUCT_NAME = "$(TARGET_NAME)";
				SWIFT_VERSION = 4.0;
				TARGETED_DEVICE_FAMILY = "1,2";
				TEST_HOST = "$(BUILT_PRODUCTS_DIR)/CoinMockup.app/CoinMockup";
			};
			name = Debug;
		};
		AEC2BF5720039BF20088CEF7 /* Release */ = {
			isa = XCBuildConfiguration;
			buildSettings = {
				ALWAYS_EMBED_SWIFT_STANDARD_LIBRARIES = YES;
				BUNDLE_LOADER = "$(TEST_HOST)";
				CODE_SIGN_STYLE = Automatic;
				DEVELOPMENT_TEAM = 5YJP4YHFRY;
				INFOPLIST_FILE = CoinMockupTests/Info.plist;
				LD_RUNPATH_SEARCH_PATHS = "$(inherited) @executable_path/Frameworks @loader_path/Frameworks";
				PRODUCT_BUNDLE_IDENTIFIER = com.example.CoinMockupTests;
				PRODUCT_NAME = "$(TARGET_NAME)";
				SWIFT_VERSION = 4.0;
				TARGETED_DEVICE_FAMILY = "1,2";
				TEST_HOST = "$(BUILT_PRODUCTS_DIR)/CoinMockup.app/CoinMockup";
			};
			name = Release;
		};
		AEC2BF5920039BF20088CEF7 /* Debug */ = {
			isa = XCBuildConfiguration;
			buildSettings = {
				ALWAYS_EMBED_SWIFT_STANDARD_LIBRARIES = YES;
				CODE_SIGN_STYLE = Automatic;
				DEVELOPMENT_TEAM = 5YJP4YHFRY;
				INFOPLIST_FILE = CoinMockupUITests/Info.plist;
				LD_RUNPATH_SEARCH_PATHS = "$(inherited) @executable_path/Frameworks @loader_path/Frameworks";
				PRODUCT_BUNDLE_IDENTIFIER = com.example.CoinMockupUITests;
				PRODUCT_NAME = "$(TARGET_NAME)";
				SWIFT_VERSION = 4.0;
				TARGETED_DEVICE_FAMILY = "1,2";
				TEST_TARGET_NAME = CoinMockup;
			};
			name = Debug;
		};
		AEC2BF5A20039BF20088CEF7 /* Release */ = {
			isa = XCBuildConfiguration;
			buildSettings = {
				ALWAYS_EMBED_SWIFT_STANDARD_LIBRARIES = YES;
				CODE_SIGN_STYLE = Automatic;
				DEVELOPMENT_TEAM = 5YJP4YHFRY;
				INFOPLIST_FILE = CoinMockupUITests/Info.plist;
				LD_RUNPATH_SEARCH_PATHS = "$(inherited) @executable_path/Frameworks @loader_path/Frameworks";
				PRODUCT_BUNDLE_IDENTIFIER = com.example.CoinMockupUITests;
				PRODUCT_NAME = "$(TARGET_NAME)";
				SWIFT_VERSION = 4.0;
				TARGETED_DEVICE_FAMILY = "1,2";
				TEST_TARGET_NAME = CoinMockup;
			};
			name = Release;
		};
/* End XCBuildConfiguration section */

/* Begin XCConfigurationList section */
		AEC2BF2520039BF10088CEF7 /* Build configuration list for PBXProject "CoinMockup" */ = {
			isa = XCConfigurationList;
			buildConfigurations = (
				AEC2BF5020039BF20088CEF7 /* Debug */,
				AEC2BF5120039BF20088CEF7 /* Release */,
			);
			defaultConfigurationIsVisible = 0;
			defaultConfigurationName = Release;
		};
		AEC2BF5220039BF20088CEF7 /* Build configuration list for PBXNativeTarget "CoinMockup" */ = {
			isa = XCConfigurationList;
			buildConfigurations = (
				AEC2BF5320039BF20088CEF7 /* Debug */,
				AEC2BF5420039BF20088CEF7 /* Release */,
			);
			defaultConfigurationIsVisible = 0;
			defaultConfigurationName = Release;
		};
		AEC2BF5520039BF20088CEF7 /* Build configuration list for PBXNativeTarget "CoinMockupTests" */ = {
			isa = XCConfigurationList;
			buildConfigurations = (
				AEC2BF5620039BF20088CEF7 /* Debug */,
				AEC2BF5720039BF20088CEF7 /* Release */,
			);
			defaultConfigurationIsVisible = 0;
			defaultConfigurationName = Release;
		};
		AEC2BF5820039BF20088CEF7 /* Build configuration list for PBXNativeTarget "CoinMockupUITests" */ = {
			isa = XCConfigurationList;
			buildConfigurations = (
				AEC2BF5920039BF20088CEF7 /* Debug */,
				AEC2BF5A20039BF20088CEF7 /* Release */,
			);
			defaultConfigurationIsVisible = 0;
			defaultConfigurationName = Release;
		};
/* End XCConfigurationList section */
	};
	rootObject = AEC2BF2220039BF10088CEF7 /* Project object */;
}
